
Microsoft Visual Studio Solution File, Format Version 12.00
# Visual Studio 15
VisualStudioVersion = 15.0.28307.421
MinimumVisualStudioVersion = 10.0.40219.1
Project("{FAE04EC0-301F-11D3-BF4B-00C04F79EFBC}") = "ShopSystem", "ShopSystem\ShopSystem.csproj", "{34EA017B-1A6C-466C-A521-A8B6E1C96A1A}"
EndProject
Global
	GlobalSection(SolutionConfigurationPlatforms) = preSolution
		Debug|Any CPU = Debug|Any CPU
		Release|Any CPU = Release|Any CPU
	EndGlobalSection
	GlobalSection(ProjectConfigurationPlatforms) = postSolution
		{34EA017B-1A6C-466C-A521-A8B6E1C96A1A}.Debug|Any CPU.ActiveCfg = Debug|Any CPU
		{34EA017B-1A6C-466C-A521-A8B6E1C96A1A}.Debug|Any CPU.Build.0 = Debug|Any CPU
		{34EA017B-1A6C-466C-A521-A8B6E1C96A1A}.Release|Any CPU.ActiveCfg = Release|Any CPU
		{34EA017B-1A6C-466C-A521-A8B6E1C96A1A}.Release|Any CPU.Build.0 = Release|Any CPU
	EndGlobalSection
	GlobalSection(SolutionProperties) = preSolution
		HideSolutionNode = FALSE
	EndGlobalSection
	GlobalSection(ExtensibilityGlobals) = postSolution
		SolutionGuid = {F039E1CC-F55F-47C9-BD20-A91A7B00B432}
	EndGlobalSection
EndGlobal
